
Microsoft Visual Studio Solution File, Format Version 12.00
# Visual Studio 14
VisualStudioVersion = 14.0.25420.1
MinimumVisualStudioVersion = 10.0.40219.1
Project("{FAE04EC0-301F-11D3-BF4B-00C04F79EFBC}") = "SimpleCalculator", "SimpleCalculator\SimpleCalculator.csproj", "{29F1054D-B5AE-4941-B727-4964FE31FB2E}"
EndProject
Project("{FAE04EC0-301F-11D3-BF4B-00C04F79EFBC}") = "SimpleCalculator.Test.Unit", "SimpleCalculator.Test.Unit\SimpleCalculator.Test.Unit.csproj", "{988FFC73-509F-4829-A90D-5C65A3752922}"
EndProject
Global
	GlobalSection(SolutionConfigurationPlatforms) = preSolution
		Debug|Any CPU = Debug|Any CPU
		Release|Any CPU = Release|Any CPU
	EndGlobalSection
	GlobalSection(ProjectConfigurationPlatforms) = postSolution
		{29F1054D-B5AE-4941-B727-4964FE31FB2E}.Debug|Any CPU.ActiveCfg = Debug|Any CPU
		{29F1054D-B5AE-4941-B727-4964FE31FB2E}.Debug|Any CPU.Build.0 = Debug|Any CPU
		{29F1054D-B5AE-4941-B727-4964FE31FB2E}.Release|Any CPU.ActiveCfg = Release|Any CPU
		{29F1054D-B5AE-4941-B727-4964FE31FB2E}.Release|Any CPU.Build.0 = Release|Any CPU
		{988FFC73-509F-4829-A90D-5C65A3752922}.Debug|Any CPU.ActiveCfg = Debug|Any CPU
		{988FFC73-509F-4829-A90D-5C65A3752922}.Debug|Any CPU.Build.0 = Debug|Any CPU
		{988FFC73-509F-4829-A90D-5C65A3752922}.Release|Any CPU.ActiveCfg = Release|Any CPU
		{988FFC73-509F-4829-A90D-5C65A3752922}.Release|Any CPU.Build.0 = Release|Any CPU
	EndGlobalSection
	GlobalSection(SolutionProperties) = preSolution
		HideSolutionNode = FALSE
	EndGlobalSection
EndGlobal
